
Microsoft Visual Studio Solution File, Format Version 11.00
# Visual Studio 2010
Project("{FAE04EC0-301F-11D3-BF4B-00C04F79EFBC}") = "ServicioWeb", "ServicioWeb\ServicioWeb.csproj", "{B9915A9E-38D6-48DF-B247-CAE2F550A8DE}"
EndProject
Project("{FAE04EC0-301F-11D3-BF4B-00C04F79EFBC}") = "LineaAerea", "LineaAerea\LineaAerea.csproj", "{06BB18C8-8A8C-442F-9D01-ED9D33EA7AEC}"
EndProject
Project("{FAE04EC0-301F-11D3-BF4B-00C04F79EFBC}") = "AgenciaDeViaje", "AgenciaDeViaje\AgenciaDeViaje.csproj", "{C798B8A1-76E4-4B64-91E1-9694C7823915}"
	ProjectSection(ProjectDependencies) = postProject
		{B9915A9E-38D6-48DF-B247-CAE2F550A8DE} = {B9915A9E-38D6-48DF-B247-CAE2F550A8DE}
	EndProjectSection
EndProject
Global
	GlobalSection(SolutionConfigurationPlatforms) = preSolution
		Debug|Any CPU = Debug|Any CPU
		Release|Any CPU = Release|Any CPU
	EndGlobalSection
	GlobalSection(ProjectConfigurationPlatforms) = postSolution
		{B9915A9E-38D6-48DF-B247-CAE2F550A8DE}.Debug|Any CPU.ActiveCfg = Debug|Any CPU
		{B9915A9E-38D6-48DF-B247-CAE2F550A8DE}.Debug|Any CPU.Build.0 = Debug|Any CPU
		{B9915A9E-38D6-48DF-B247-CAE2F550A8DE}.Release|Any CPU.ActiveCfg = Release|Any CPU
		{B9915A9E-38D6-48DF-B247-CAE2F550A8DE}.Release|Any CPU.Build.0 = Release|Any CPU
		{06BB18C8-8A8C-442F-9D01-ED9D33EA7AEC}.Debug|Any CPU.ActiveCfg = Debug|Any CPU
		{06BB18C8-8A8C-442F-9D01-ED9D33EA7AEC}.Debug|Any CPU.Build.0 = Debug|Any CPU
		{06BB18C8-8A8C-442F-9D01-ED9D33EA7AEC}.Release|Any CPU.ActiveCfg = Release|Any CPU
		{06BB18C8-8A8C-442F-9D01-ED9D33EA7AEC}.Release|Any CPU.Build.0 = Release|Any CPU
		{C798B8A1-76E4-4B64-91E1-9694C7823915}.Debug|Any CPU.ActiveCfg = Debug|Any CPU
		{C798B8A1-76E4-4B64-91E1-9694C7823915}.Debug|Any CPU.Build.0 = Debug|Any CPU
		{C798B8A1-76E4-4B64-91E1-9694C7823915}.Release|Any CPU.ActiveCfg = Release|Any CPU
		{C798B8A1-76E4-4B64-91E1-9694C7823915}.Release|Any CPU.Build.0 = Release|Any CPU
	EndGlobalSection
	GlobalSection(SolutionProperties) = preSolution
		HideSolutionNode = FALSE
	EndGlobalSection
EndGlobal
